# THIS IS AN AUTOGENERATED FILE. DO NOT EDIT THIS FILE DIRECTLY.
# yarn lockfile v1


ancestors@0.0.3:
  version "0.0.3"
  resolved "https://registry.yarnpkg.com/ancestors/-/ancestors-0.0.3.tgz#124eb944447d68b302057047d15d077a9da5179d"

diff-match-patch@^1.0.0:
  version "1.0.1"
  resolved "https://registry.yarnpkg.com/diff-match-patch/-/diff-match-patch-1.0.1.tgz#d5f880213d82fbc124d2b95111fb3c033dbad7fa"

dom-anchor-text-position@^4.0.0:
  version "4.0.0"
  resolved "https://registry.yarnpkg.com/dom-anchor-text-position/-/dom-anchor-text-position-4.0.0.tgz#4c839b3bded94f0cab0f06a0189468f3f1ec2bb2"
  dependencies:
    dom-node-iterator "^3.5.0"
    dom-seek "^4.0.1"

dom-anchor-text-quote@^4.0.2:
  version "4.0.2"
  resolved "https://registry.yarnpkg.com/dom-anchor-text-quote/-/dom-anchor-text-quote-4.0.2.tgz#2a1e0cd4e06c79b0bfa1284aecbf7062028fc2d7"
  dependencies:
    diff-match-patch "^1.0.0"
    dom-anchor-text-position "^4.0.0"

dom-node-iterator@^3.5.0:
  version "3.5.3"
  resolved "https://registry.yarnpkg.com/dom-node-iterator/-/dom-node-iterator-3.5.3.tgz#32b68aa440962f1734487029f544a3db704637b7"

dom-seek@^4.0.1:
  version "4.0.3"
  resolved "https://registry.yarnpkg.com/dom-seek/-/dom-seek-4.0.3.tgz#f14dddf04b3fb062d901c7b00b0c142a06e0a94b"
  dependencies:
    ancestors "0.0.3"
    index-of "^0.2.0"

index-of@^0.2.0:
  version "0.2.0"
  resolved "https://registry.yarnpkg.com/index-of/-/index-of-0.2.0.tgz#38c1e2367ea55dffad3b6eb592ec1cc3090d7d65"
